
Microsoft Visual Studio Solution File, Format Version 12.00
# Visual Studio Version 16
VisualStudioVersion = 16.0.31402.337
MinimumVisualStudioVersion = 10.0.40219.1
Project("{FAE04EC0-301F-11D3-BF4B-00C04F79EFBC}") = "Business", "Business\Business.csproj", "{B1BA70FC-2345-4F74-AFF6-C0308CA90655}"
EndProject
Project("{FAE04EC0-301F-11D3-BF4B-00C04F79EFBC}") = "Data", "Data\Data.csproj", "{AD8B8B34-2606-489D-A813-A37303EA26A0}"
EndProject
Project("{9A19103F-16F7-4668-BE54-9A1E7A4F7556}") = "Api", "Api\Api.csproj", "{559D01C8-4E2A-4736-A780-C303F21FC8C7}"
EndProject
Global
	GlobalSection(SolutionConfigurationPlatforms) = preSolution
		Debug|Any CPU = Debug|Any CPU
		Release|Any CPU = Release|Any CPU
	EndGlobalSection
	GlobalSection(ProjectConfigurationPlatforms) = postSolution
		{B1BA70FC-2345-4F74-AFF6-C0308CA90655}.Debug|Any CPU.ActiveCfg = Debug|Any CPU
		{B1BA70FC-2345-4F74-AFF6-C0308CA90655}.Debug|Any CPU.Build.0 = Debug|Any CPU
		{B1BA70FC-2345-4F74-AFF6-C0308CA90655}.Release|Any CPU.ActiveCfg = Release|Any CPU
		{B1BA70FC-2345-4F74-AFF6-C0308CA90655}.Release|Any CPU.Build.0 = Release|Any CPU
		{AD8B8B34-2606-489D-A813-A37303EA26A0}.Debug|Any CPU.ActiveCfg = Debug|Any CPU
		{AD8B8B34-2606-489D-A813-A37303EA26A0}.Debug|Any CPU.Build.0 = Debug|Any CPU
		{AD8B8B34-2606-489D-A813-A37303EA26A0}.Release|Any CPU.ActiveCfg = Release|Any CPU
		{AD8B8B34-2606-489D-A813-A37303EA26A0}.Release|Any CPU.Build.0 = Release|Any CPU
		{559D01C8-4E2A-4736-A780-C303F21FC8C7}.Debug|Any CPU.ActiveCfg = Debug|Any CPU
		{559D01C8-4E2A-4736-A780-C303F21FC8C7}.Debug|Any CPU.Build.0 = Debug|Any CPU
		{559D01C8-4E2A-4736-A780-C303F21FC8C7}.Release|Any CPU.ActiveCfg = Release|Any CPU
		{559D01C8-4E2A-4736-A780-C303F21FC8C7}.Release|Any CPU.Build.0 = Release|Any CPU
	EndGlobalSection
	GlobalSection(SolutionProperties) = preSolution
		HideSolutionNode = FALSE
	EndGlobalSection
	GlobalSection(ExtensibilityGlobals) = postSolution
		SolutionGuid = {1BB20CE4-F589-4E71-B651-B4FF9297B0FC}
	EndGlobalSection
EndGlobal
